github.com/alecthomas/kong v1.10.0 h1:8K4rGDpT7Iu+jEXCIJUeKqvpwZHbsFRoebLbnzlmrpw=
github.com/alecthomas/kong v1.10.0/go.mod h1:p2vqieVMeTAnaC83txKtXe8FLke2X07aruPWXyMPQrU=
github.com/urfave/cli/v3 v3.2.0 h1:m8WIXY0U9LCuUl5r+0fqLWDhNYWt6qvlW+GcF4EoXf8=
github.com/urfave/cli/v3 v3.2.0/go.mod h1:FJSKtM/9AiiTOJL4fJ6TbMUkxBXn7GO9guZqoZtpYpo=
